{
  "name": "service-workers",
  "version": "1.0.0",
  "lockfileVersion": 1,
  "requires": true,
  "dependencies": {
    "mockjson": {
      "version": "0.0.3",
      "resolved": "https://registry.npmjs.org/mockjson/-/mockjson-0.0.3.tgz",
      "integrity": "sha1-i/eJpfjkN6/e2uyYL5KJn75rwfk="
    }
  }
}
